
Microsoft Visual Studio Solution File, Format Version 12.00
# Visual Studio Version 16
VisualStudioVersion = 16.0.29806.167
MinimumVisualStudioVersion = 10.0.40219.1
Project("{FAE04EC0-301F-11D3-BF4B-00C04F79EFBC}") = "Observer", "Observer.csproj", "{92634696-6F51-4AF1-8429-1199C9912891}"
EndProject
Global
	GlobalSection(SolutionConfigurationPlatforms) = preSolution
		Debug|Any CPU = Debug|Any CPU
		Release|Any CPU = Release|Any CPU
	EndGlobalSection
	GlobalSection(ProjectConfigurationPlatforms) = postSolution
		{92634696-6F51-4AF1-8429-1199C9912891}.Debug|Any CPU.ActiveCfg = Debug|Any CPU
		{92634696-6F51-4AF1-8429-1199C9912891}.Debug|Any CPU.Build.0 = Debug|Any CPU
		{92634696-6F51-4AF1-8429-1199C9912891}.Release|Any CPU.ActiveCfg = Release|Any CPU
		{92634696-6F51-4AF1-8429-1199C9912891}.Release|Any CPU.Build.0 = Release|Any CPU
	EndGlobalSection
	GlobalSection(SolutionProperties) = preSolution
		HideSolutionNode = FALSE
	EndGlobalSection
	GlobalSection(ExtensibilityGlobals) = postSolution
		SolutionGuid = {6D9D0984-C96B-445C-AB1D-A5DB306EC77F}
	EndGlobalSection
EndGlobal
