
Microsoft Visual Studio Solution File, Format Version 12.00
# Visual Studio Version 16
VisualStudioVersion = 16.0.29728.190
MinimumVisualStudioVersion = 10.0.40219.1
Project("{FAE04EC0-301F-11D3-BF4B-00C04F79EFBC}") = "SRP", "SRP.csproj", "{35014DEE-E731-409E-9627-C3CE0E365ABF}"
EndProject
Global
	GlobalSection(SolutionConfigurationPlatforms) = preSolution
		Debug|Any CPU = Debug|Any CPU
		Release|Any CPU = Release|Any CPU
	EndGlobalSection
	GlobalSection(ProjectConfigurationPlatforms) = postSolution
		{35014DEE-E731-409E-9627-C3CE0E365ABF}.Debug|Any CPU.ActiveCfg = Debug|Any CPU
		{35014DEE-E731-409E-9627-C3CE0E365ABF}.Debug|Any CPU.Build.0 = Debug|Any CPU
		{35014DEE-E731-409E-9627-C3CE0E365ABF}.Release|Any CPU.ActiveCfg = Release|Any CPU
		{35014DEE-E731-409E-9627-C3CE0E365ABF}.Release|Any CPU.Build.0 = Release|Any CPU
	EndGlobalSection
	GlobalSection(SolutionProperties) = preSolution
		HideSolutionNode = FALSE
	EndGlobalSection
	GlobalSection(ExtensibilityGlobals) = postSolution
		SolutionGuid = {BDBC863C-5B10-45A9-B733-8335F2F79C70}
	EndGlobalSection
EndGlobal
