
Microsoft Visual Studio Solution File, Format Version 12.00
# Visual Studio Version 16
VisualStudioVersion = 16.0.29728.190
MinimumVisualStudioVersion = 10.0.40219.1
Project("{FAE04EC0-301F-11D3-BF4B-00C04F79EFBC}") = "DIP", "DIP.csproj", "{84E12B15-28B2-44A2-9754-C527922F942A}"
EndProject
Global
	GlobalSection(SolutionConfigurationPlatforms) = preSolution
		Debug|Any CPU = Debug|Any CPU
		Release|Any CPU = Release|Any CPU
	EndGlobalSection
	GlobalSection(ProjectConfigurationPlatforms) = postSolution
		{84E12B15-28B2-44A2-9754-C527922F942A}.Debug|Any CPU.ActiveCfg = Debug|Any CPU
		{84E12B15-28B2-44A2-9754-C527922F942A}.Debug|Any CPU.Build.0 = Debug|Any CPU
		{84E12B15-28B2-44A2-9754-C527922F942A}.Release|Any CPU.ActiveCfg = Release|Any CPU
		{84E12B15-28B2-44A2-9754-C527922F942A}.Release|Any CPU.Build.0 = Release|Any CPU
	EndGlobalSection
	GlobalSection(SolutionProperties) = preSolution
		HideSolutionNode = FALSE
	EndGlobalSection
	GlobalSection(ExtensibilityGlobals) = postSolution
		SolutionGuid = {0648E181-F88B-48F0-8405-0612ED964AB8}
	EndGlobalSection
EndGlobal
