
Microsoft Visual Studio Solution File, Format Version 12.00
# Visual Studio Version 16
VisualStudioVersion = 16.0.30503.244
MinimumVisualStudioVersion = 10.0.40219.1
Project("{FAE04EC0-301F-11D3-BF4B-00C04F79EFBC}") = "Delegation", "Delegation.csproj", "{3F577C7E-FBF6-4F68-B164-10390C3BB1A1}"
EndProject
Global
	GlobalSection(SolutionConfigurationPlatforms) = preSolution
		Debug|Any CPU = Debug|Any CPU
		Release|Any CPU = Release|Any CPU
	EndGlobalSection
	GlobalSection(ProjectConfigurationPlatforms) = postSolution
		{3F577C7E-FBF6-4F68-B164-10390C3BB1A1}.Debug|Any CPU.ActiveCfg = Debug|Any CPU
		{3F577C7E-FBF6-4F68-B164-10390C3BB1A1}.Debug|Any CPU.Build.0 = Debug|Any CPU
		{3F577C7E-FBF6-4F68-B164-10390C3BB1A1}.Release|Any CPU.ActiveCfg = Release|Any CPU
		{3F577C7E-FBF6-4F68-B164-10390C3BB1A1}.Release|Any CPU.Build.0 = Release|Any CPU
	EndGlobalSection
	GlobalSection(SolutionProperties) = preSolution
		HideSolutionNode = FALSE
	EndGlobalSection
	GlobalSection(ExtensibilityGlobals) = postSolution
		SolutionGuid = {406A9498-E907-47C3-8045-DE10D3C0996F}
	EndGlobalSection
EndGlobal
